{
  "nodes": {
    "closure-compiler": {
      "flake": false,
      "locked": {
        "narHash": "sha256-RFH8wCbPT10b1P1vqZ10rAWf0+5CtBETIdi9tJJty80=",
        "type": "file",
        "url": "https://repo1.maven.org/maven2/com/google/javascript/closure-compiler/v20210601/closure-compiler-v20210601.jar"
      },
      "original": {
        "type": "file",
        "url": "https://repo1.maven.org/maven2/com/google/javascript/closure-compiler/v20210601/closure-compiler-v20210601.jar"
      }
    },
    "fsex300": {
      "flake": false,
      "locked": {
        "lastModified": 1561561400,
        "narHash": "sha256-hSvvVPxzUT3dkakwF9vrKXwQRkV7xB/xtVtwzoBOhB8=",
        "owner": "thearchitect",
        "repo": "fsex-webfont",
        "rev": "792598f5e4b0a0a6b48c6af8686ce1bf401f3baa",
        "type": "github"
      },
      "original": {
        "owner": "thearchitect",
        "repo": "fsex-webfont",
        "type": "github"
      }
    },
    "nixlib": {
      "locked": {
        "lastModified": 1754788789,
        "narHash": "sha256-x2rJ+Ovzq0sCMpgfgGaaqgBSwY+LST+WbZ6TytnT9Rk=",
        "owner": "nix-community",
        "repo": "nixpkgs.lib",
        "rev": "a73b9c743612e4244d865a2fdee11865283c04e6",
        "type": "github"
      },
      "original": {
        "owner": "nix-community",
        "repo": "nixpkgs.lib",
        "type": "github"
      }
    },
    "nixos-generators": {
      "inputs": {
        "nixlib": "nixlib",
        "nixpkgs": [
          "nixpkgs-i686"
        ]
      },
      "locked": {
        "lastModified": 1693791338,
        "narHash": "sha256-wHmtB5H8AJTUaeGHw+0hsQ6nU4VyvVrP2P4NeCocRzY=",
        "owner": "nix-community",
        "repo": "nixos-generators",
        "rev": "8ee78470029e641cddbd8721496da1316b47d3b4",
        "type": "github"
      },
      "original": {
        "owner": "nix-community",
        "ref": "1.8.0",
        "repo": "nixos-generators",
        "type": "github"
      }
    },
    "nixpkgs": {
      "locked": {
        "lastModified": 1760256791,
        "narHash": "sha256-uTpzDHRASEDeFUuToWSQ46Re8beXyG9dx4W36FQa0/c=",
        "owner": "NixOS",
        "repo": "nixpkgs",
        "rev": "832e3b6db48508ae436c2c7bfc0cf914eac6938e",
        "type": "github"
      },
      "original": {
        "owner": "NixOS",
        "ref": "nixpkgs-unstable",
        "repo": "nixpkgs",
        "type": "github"
      }
    },
    "nixpkgs-i686": {
      "locked": {
        "lastModified": 1685566663,
        "narHash": "sha256-btHN1czJ6rzteeCuE/PNrdssqYD2nIA4w48miQAFloM=",
        "owner": "NixOS",
        "repo": "nixpkgs",
        "rev": "4ecab3273592f27479a583fb6d975d4aba3486fe",
        "type": "github"
      },
      "original": {
        "owner": "NixOS",
        "ref": "23.05",
        "repo": "nixpkgs",
        "type": "github"
      }
    },
    "root": {
      "inputs": {
        "fsex300": "fsex300",
        "nixos-generators": "nixos-generators",
        "nixpkgs": "nixpkgs",
        "nixpkgs-i686": "nixpkgs-i686",
        "utils": "utils",
        "v86": "v86"
      }
    },
    "rust-overlay": {
      "inputs": {
        "nixpkgs": [
          "v86",
          "nixpkgs"
        ]
      },
      "locked": {
        "lastModified": 1760236527,
        "narHash": "sha256-h9+WEQtUIZaZMvA1pnbZbMM+5X39OFnW92Q8hNoToD0=",
        "owner": "oxalica",
        "repo": "rust-overlay",
        "rev": "a38dd7f462825c75ce8567816ae38c2e7d826bfa",
        "type": "github"
      },
      "original": {
        "owner": "oxalica",
        "repo": "rust-overlay",
        "type": "github"
      }
    },
    "seabios-src": {
      "flake": false,
      "locked": {
        "lastModified": 1675300479,
        "narHash": "sha256-J2FuT+FXn9YoFLSfxDOxyKZvKrys59a6bP1eYvEXVNU=",
        "owner": "coreboot",
        "repo": "seabios",
        "rev": "ea1b7a0733906b8425d948ae94fba63c32b1d425",
        "type": "github"
      },
      "original": {
        "owner": "coreboot",
        "ref": "rel-1.16.2",
        "repo": "seabios",
        "type": "github"
      }
    },
    "systems": {
      "locked": {
        "lastModified": 1681028828,
        "narHash": "sha256-Vy1rq5AaRuLzOxct8nz4T6wlgyUR7zLU309k9mBC768=",
        "owner": "nix-systems",
        "repo": "default",
        "rev": "da67096a3b9bf56a91d16901293e51ba5b49a27e",
        "type": "github"
      },
      "original": {
        "owner": "nix-systems",
        "repo": "default",
        "type": "github"
      }
    },
    "systems_2": {
      "locked": {
        "lastModified": 1681028828,
        "narHash": "sha256-Vy1rq5AaRuLzOxct8nz4T6wlgyUR7zLU309k9mBC768=",
        "owner": "nix-systems",
        "repo": "default",
        "rev": "da67096a3b9bf56a91d16901293e51ba5b49a27e",
        "type": "github"
      },
      "original": {
        "owner": "nix-systems",
        "repo": "default",
        "type": "github"
      }
    },
    "utils": {
      "inputs": {
        "systems": "systems"
      },
      "locked": {
        "lastModified": 1731533236,
        "narHash": "sha256-l0KFg5HjrsfsO/JpG+r7fRrqm12kzFHyUHqHCVpMMbI=",
        "owner": "numtide",
        "repo": "flake-utils",
        "rev": "11707dc2f618dd54ca8739b309ec4fc024de578b",
        "type": "github"
      },
      "original": {
        "owner": "numtide",
        "repo": "flake-utils",
        "type": "github"
      }
    },
    "utils_2": {
      "inputs": {
        "systems": "systems_2"
      },
      "locked": {
        "lastModified": 1731533236,
        "narHash": "sha256-l0KFg5HjrsfsO/JpG+r7fRrqm12kzFHyUHqHCVpMMbI=",
        "owner": "numtide",
        "repo": "flake-utils",
        "rev": "11707dc2f618dd54ca8739b309ec4fc024de578b",
        "type": "github"
      },
      "original": {
        "owner": "numtide",
        "repo": "flake-utils",
        "type": "github"
      }
    },
    "v86": {
      "inputs": {
        "closure-compiler": "closure-compiler",
        "nixpkgs": [
          "nixpkgs"
        ],
        "rust-overlay": "rust-overlay",
        "seabios-src": "seabios-src",
        "utils": "utils_2",
        "v86-src": "v86-src"
      },
      "locked": {
        "lastModified": 1762663650,
        "narHash": "sha256-lemruWdTiRoS3APes0gCRVy7ld5mJreElC+sxw1n6tE=",
        "owner": "ErnWong",
        "repo": "v86-nix",
        "rev": "570f479589938704541947eb620e0c1819726365",
        "type": "github"
      },
      "original": {
        "owner": "ErnWong",
        "repo": "v86-nix",
        "type": "github"
      }
    },
    "v86-src": {
      "flake": false,
      "locked": {
        "lastModified": 1758391562,
        "narHash": "sha256-caK51UD4uKOuC6VLNpT1L34FL5LGv75V3hwY3QBJjiE=",
        "owner": "copy",
        "repo": "v86",
        "rev": "9735a0eed83a426b3b14cf98f9043a5a9241b142",
        "type": "github"
      },
      "original": {
        "owner": "copy",
        "repo": "v86",
        "type": "github"
      }
    }
  },
  "root": "root",
  "version": 7
}
